{
  "requires": true,
  "lockfileVersion": 1,
  "dependencies": {
    "createloop": {
      "version": "0.0.12",
      "resolved": "https://registry.npmjs.org/createloop/-/createloop-0.0.12.tgz",
      "integrity": "sha512-KqqcmomV2Q9PNjRdoa3+fgXosDm21Hc9J9u/ei3tUHawyYiJmx+qbHn84kV2EXl2kEofg62osx7hYsvV3D3rUw==",
      "requires": {
        "gif.js": "^0.2.0",
        "simplex-noise": "^2.4.0"
      }
    },
    "gif.js": {
      "version": "0.2.0",
      "resolved": "https://registry.npmjs.org/gif.js/-/gif.js-0.2.0.tgz",
      "integrity": "sha1-YV5uN4iFDNOiDIX+nwlTnnhJA+g="
    },
    "p5": {
      "version": "0.8.0",
      "resolved": "https://registry.npmjs.org/p5/-/p5-0.8.0.tgz",
      "integrity": "sha512-X415HATmOwcbWpgXTCHyDNdcGTNuzuZFaW9GoOsZd3PFrTmugdf+xLr9AO+rGHxBOFgdqfaj766vJeH1wPkCrQ=="
    },
    "p5.createloop": {
      "version": "0.1.3",
      "resolved": "https://registry.npmjs.org/p5.createloop/-/p5.createloop-0.1.3.tgz",
      "integrity": "sha512-YygsfqKloCCLZJ8NKqWvxj8zODryXb3F1URpxVdxyzkItQOrhhCkC7kOgCzJrbWp7CMwd+DnEPTuV0x3ziIMUQ==",
      "requires": {
        "createloop": "0.0.12",
        "p5": "^0.8.0"
      }
    },
    "simplex-noise": {
      "version": "2.4.0",
      "resolved": "https://registry.npmjs.org/simplex-noise/-/simplex-noise-2.4.0.tgz",
      "integrity": "sha512-OjyDWm/QZjVbMrPxDVi9b2as+SeNn9EBXlrWVRlFW+TSyWMSXouDryXkQN0vf5YP+QZKobrmkvx1eQYPLtuqfw=="
    }
  }
}
